
Microsoft Visual Studio Solution File, Format Version 12.00
# Visual Studio Version 16
VisualStudioVersion = 16.0.30804.86
MinimumVisualStudioVersion = 10.0.40219.1
Project("{8BC9CEB8-8B4A-11D0-8D11-00A0C91BC942}") = "ДЗ_2", "ДЗ_2\ДЗ_2.vcxproj", "{65793F3E-EB10-4469-9E7A-67772B12210C}"
EndProject
Global
	GlobalSection(SolutionConfigurationPlatforms) = preSolution
		Debug|x64 = Debug|x64
		Debug|x86 = Debug|x86
		Release|x64 = Release|x64
		Release|x86 = Release|x86
	EndGlobalSection
	GlobalSection(ProjectConfigurationPlatforms) = postSolution
		{65793F3E-EB10-4469-9E7A-67772B12210C}.Debug|x64.ActiveCfg = Debug|x64
		{65793F3E-EB10-4469-9E7A-67772B12210C}.Debug|x64.Build.0 = Debug|x64
		{65793F3E-EB10-4469-9E7A-67772B12210C}.Debug|x86.ActiveCfg = Debug|Win32
		{65793F3E-EB10-4469-9E7A-67772B12210C}.Debug|x86.Build.0 = Debug|Win32
		{65793F3E-EB10-4469-9E7A-67772B12210C}.Release|x64.ActiveCfg = Release|x64
		{65793F3E-EB10-4469-9E7A-67772B12210C}.Release|x64.Build.0 = Release|x64
		{65793F3E-EB10-4469-9E7A-67772B12210C}.Release|x86.ActiveCfg = Release|Win32
		{65793F3E-EB10-4469-9E7A-67772B12210C}.Release|x86.Build.0 = Release|Win32
	EndGlobalSection
	GlobalSection(SolutionProperties) = preSolution
		HideSolutionNode = FALSE
	EndGlobalSection
	GlobalSection(ExtensibilityGlobals) = postSolution
		SolutionGuid = {24F07606-3551-4FD1-AD78-E14AF1D571BB}
	EndGlobalSection
EndGlobal
