
Microsoft Visual Studio Solution File, Format Version 12.00
# Visual Studio Version 16
VisualStudioVersion = 16.0.30804.86
MinimumVisualStudioVersion = 10.0.40219.1
Project("{8BC9CEB8-8B4A-11D0-8D11-00A0C91BC942}") = "Lab13Project", "Lab13Project\Lab13Project.vcxproj", "{EA7C4E31-DF9C-411D-B593-3A496E0FDDB7}"
EndProject
Global
	GlobalSection(SolutionConfigurationPlatforms) = preSolution
		Debug|x64 = Debug|x64
		Debug|x86 = Debug|x86
		Release|x64 = Release|x64
		Release|x86 = Release|x86
	EndGlobalSection
	GlobalSection(ProjectConfigurationPlatforms) = postSolution
		{EA7C4E31-DF9C-411D-B593-3A496E0FDDB7}.Debug|x64.ActiveCfg = Debug|x64
		{EA7C4E31-DF9C-411D-B593-3A496E0FDDB7}.Debug|x64.Build.0 = Debug|x64
		{EA7C4E31-DF9C-411D-B593-3A496E0FDDB7}.Debug|x86.ActiveCfg = Debug|Win32
		{EA7C4E31-DF9C-411D-B593-3A496E0FDDB7}.Debug|x86.Build.0 = Debug|Win32
		{EA7C4E31-DF9C-411D-B593-3A496E0FDDB7}.Release|x64.ActiveCfg = Release|x64
		{EA7C4E31-DF9C-411D-B593-3A496E0FDDB7}.Release|x64.Build.0 = Release|x64
		{EA7C4E31-DF9C-411D-B593-3A496E0FDDB7}.Release|x86.ActiveCfg = Release|Win32
		{EA7C4E31-DF9C-411D-B593-3A496E0FDDB7}.Release|x86.Build.0 = Release|Win32
	EndGlobalSection
	GlobalSection(SolutionProperties) = preSolution
		HideSolutionNode = FALSE
	EndGlobalSection
	GlobalSection(ExtensibilityGlobals) = postSolution
		SolutionGuid = {B6BFE337-360C-4049-8326-28075EB6AD3E}
	EndGlobalSection
EndGlobal
