
Microsoft Visual Studio Solution File, Format Version 12.00
# Visual Studio Version 16
VisualStudioVersion = 16.0.30804.86
MinimumVisualStudioVersion = 10.0.40219.1
Project("{FAE04EC0-301F-11D3-BF4B-00C04F79EFBC}") = "Lab_klass", "Lab_klass\Lab_klass.csproj", "{D6199D53-4166-46DE-8EA4-178650FD845F}"
EndProject
Global
	GlobalSection(SolutionConfigurationPlatforms) = preSolution
		Debug|Any CPU = Debug|Any CPU
		Release|Any CPU = Release|Any CPU
	EndGlobalSection
	GlobalSection(ProjectConfigurationPlatforms) = postSolution
		{D6199D53-4166-46DE-8EA4-178650FD845F}.Debug|Any CPU.ActiveCfg = Debug|Any CPU
		{D6199D53-4166-46DE-8EA4-178650FD845F}.Debug|Any CPU.Build.0 = Debug|Any CPU
		{D6199D53-4166-46DE-8EA4-178650FD845F}.Release|Any CPU.ActiveCfg = Release|Any CPU
		{D6199D53-4166-46DE-8EA4-178650FD845F}.Release|Any CPU.Build.0 = Release|Any CPU
	EndGlobalSection
	GlobalSection(SolutionProperties) = preSolution
		HideSolutionNode = FALSE
	EndGlobalSection
	GlobalSection(ExtensibilityGlobals) = postSolution
		SolutionGuid = {D765F563-E6E8-43F4-ADE0-5B9071DCF42D}
	EndGlobalSection
EndGlobal
