
Microsoft Visual Studio Solution File, Format Version 12.00
# Visual Studio Version 16
VisualStudioVersion = 16.0.30804.86
MinimumVisualStudioVersion = 10.0.40219.1
Project("{FAE04EC0-301F-11D3-BF4B-00C04F79EFBC}") = "lab_6_1", "lab_6_1\lab_6_1.csproj", "{D42B9C45-225D-40EC-967F-F78E64FD62DD}"
EndProject
Global
	GlobalSection(SolutionConfigurationPlatforms) = preSolution
		Debug|Any CPU = Debug|Any CPU
		Release|Any CPU = Release|Any CPU
	EndGlobalSection
	GlobalSection(ProjectConfigurationPlatforms) = postSolution
		{D42B9C45-225D-40EC-967F-F78E64FD62DD}.Debug|Any CPU.ActiveCfg = Debug|Any CPU
		{D42B9C45-225D-40EC-967F-F78E64FD62DD}.Debug|Any CPU.Build.0 = Debug|Any CPU
		{D42B9C45-225D-40EC-967F-F78E64FD62DD}.Release|Any CPU.ActiveCfg = Release|Any CPU
		{D42B9C45-225D-40EC-967F-F78E64FD62DD}.Release|Any CPU.Build.0 = Release|Any CPU
	EndGlobalSection
	GlobalSection(SolutionProperties) = preSolution
		HideSolutionNode = FALSE
	EndGlobalSection
	GlobalSection(ExtensibilityGlobals) = postSolution
		SolutionGuid = {4B823BA3-97B8-4CF8-B066-5B2D004D8C6C}
	EndGlobalSection
EndGlobal
