
Microsoft Visual Studio Solution File, Format Version 12.00
# Visual Studio Version 16
VisualStudioVersion = 16.0.30804.86
MinimumVisualStudioVersion = 10.0.40219.1
Project("{FAE04EC0-301F-11D3-BF4B-00C04F79EFBC}") = "modul_2_2", "modul_2_2\modul_2_2.csproj", "{21C9B230-EE59-4D42-8836-10739E3F4CBD}"
EndProject
Global
	GlobalSection(SolutionConfigurationPlatforms) = preSolution
		Debug|Any CPU = Debug|Any CPU
		Release|Any CPU = Release|Any CPU
	EndGlobalSection
	GlobalSection(ProjectConfigurationPlatforms) = postSolution
		{21C9B230-EE59-4D42-8836-10739E3F4CBD}.Debug|Any CPU.ActiveCfg = Debug|Any CPU
		{21C9B230-EE59-4D42-8836-10739E3F4CBD}.Debug|Any CPU.Build.0 = Debug|Any CPU
		{21C9B230-EE59-4D42-8836-10739E3F4CBD}.Release|Any CPU.ActiveCfg = Release|Any CPU
		{21C9B230-EE59-4D42-8836-10739E3F4CBD}.Release|Any CPU.Build.0 = Release|Any CPU
	EndGlobalSection
	GlobalSection(SolutionProperties) = preSolution
		HideSolutionNode = FALSE
	EndGlobalSection
	GlobalSection(ExtensibilityGlobals) = postSolution
		SolutionGuid = {8F50B6F3-E9D8-478A-8084-7B4B53FA33BA}
	EndGlobalSection
EndGlobal
