
Microsoft Visual Studio Solution File, Format Version 12.00
# Visual Studio Version 16
VisualStudioVersion = 16.0.30523.141
MinimumVisualStudioVersion = 10.0.40219.1
Project("{8BC9CEB8-8B4A-11D0-8D11-00A0C91BC942}") = "Практическая работа 7.4", "Практическая работа 7.4\Практическая работа 7.4.vcxproj", "{6C7725E2-5061-42A3-8396-106E5C8E13DD}"
EndProject
Global
	GlobalSection(SolutionConfigurationPlatforms) = preSolution
		Debug|x64 = Debug|x64
		Debug|x86 = Debug|x86
		Release|x64 = Release|x64
		Release|x86 = Release|x86
	EndGlobalSection
	GlobalSection(ProjectConfigurationPlatforms) = postSolution
		{6C7725E2-5061-42A3-8396-106E5C8E13DD}.Debug|x64.ActiveCfg = Debug|x64
		{6C7725E2-5061-42A3-8396-106E5C8E13DD}.Debug|x64.Build.0 = Debug|x64
		{6C7725E2-5061-42A3-8396-106E5C8E13DD}.Debug|x86.ActiveCfg = Debug|Win32
		{6C7725E2-5061-42A3-8396-106E5C8E13DD}.Debug|x86.Build.0 = Debug|Win32
		{6C7725E2-5061-42A3-8396-106E5C8E13DD}.Release|x64.ActiveCfg = Release|x64
		{6C7725E2-5061-42A3-8396-106E5C8E13DD}.Release|x64.Build.0 = Release|x64
		{6C7725E2-5061-42A3-8396-106E5C8E13DD}.Release|x86.ActiveCfg = Release|Win32
		{6C7725E2-5061-42A3-8396-106E5C8E13DD}.Release|x86.Build.0 = Release|Win32
	EndGlobalSection
	GlobalSection(SolutionProperties) = preSolution
		HideSolutionNode = FALSE
	EndGlobalSection
	GlobalSection(ExtensibilityGlobals) = postSolution
		SolutionGuid = {4EA61C8E-0394-413F-BE15-2138DF673D62}
	EndGlobalSection
EndGlobal
